// !$*UTF8*$!
{
	archiveVersion = 1;
	classes = {
	};
	objectVersion = 50;
	objects = {

/* Begin PBXBuildFile section */
		2FC6B00F262A14BD00C29C95 /* AppDelegate.swift in Sources */ = {isa = PBXBuildFile; fileRef = 2FC6B00E262A14BD00C29C95 /* AppDelegate.swift */; };
		2FC6B011262A14BD00C29C95 /* SceneDelegate.swift in Sources */ = {isa = PBXBuildFile; fileRef = 2FC6B010262A14BD00C29C95 /* SceneDelegate.swift */; };
		2FC6B013262A14BD00C29C95 /* TripsViewController.swift in Sources */ = {isa = PBXBuildFile; fileRef = 2FC6B012262A14BD00C29C95 /* TripsViewController.swift */; };
		2FC6B016262A14BD00C29C95 /* Main.storyboard in Resources */ = {isa = PBXBuildFile; fileRef = 2FC6B014262A14BD00C29C95 /* Main.storyboard */; };
		2FC6B019262A14BD00C29C95 /* Travelogue.xcdatamodeld in Sources */ = {isa = PBXBuildFile; fileRef = 2FC6B017262A14BD00C29C95 /* Travelogue.xcdatamodeld */; };
		2FC6B01B262A14BE00C29C95 /* Assets.xcassets in Resources */ = {isa = PBXBuildFile; fileRef = 2FC6B01A262A14BE00C29C95 /* Assets.xcassets */; };
		2FC6B01E262A14BE00C29C95 /* LaunchScreen.storyboard in Resources */ = {isa = PBXBuildFile; fileRef = 2FC6B01C262A14BE00C29C95 /* LaunchScreen.storyboard */; };
		2FCC117E2638A544004D16D8 /* TripTableViewCell.swift in Sources */ = {isa = PBXBuildFile; fileRef = 2FCC117D2638A544004D16D8 /* TripTableViewCell.swift */; };
		2FCC11992638AE32004D16D8 /* Log+CoreDataClass.swift in Sources */ = {isa = PBXBuildFile; fileRef = 2FCC11952638AE32004D16D8 /* Log+CoreDataClass.swift */; };
		2FCC119A2638AE32004D16D8 /* Log+CoreDataProperties.swift in Sources */ = {isa = PBXBuildFile; fileRef = 2FCC11962638AE32004D16D8 /* Log+CoreDataProperties.swift */; };
		2FCC119B2638AE32004D16D8 /* Trip+CoreDataClass.swift in Sources */ = {isa = PBXBuildFile; fileRef = 2FCC11972638AE32004D16D8 /* Trip+CoreDataClass.swift */; };
		2FCC119C2638AE32004D16D8 /* Trip+CoreDataProperties.swift in Sources */ = {isa = PBXBuildFile; fileRef = 2FCC11982638AE32004D16D8 /* Trip+CoreDataProperties.swift */; };
		2FCC11A22638AF6A004D16D8 /* TripAddEditViewController.swift in Sources */ = {isa = PBXBuildFile; fileRef = 2FCC11A12638AF6A004D16D8 /* TripAddEditViewController.swift */; };
		2FCC11A52638B2C3004D16D8 /* LogsViewController.swift in Sources */ = {isa = PBXBuildFile; fileRef = 2FCC11A42638B2C3004D16D8 /* LogsViewController.swift */; };
/* End PBXBuildFile section */

/* Begin PBXFileReference section */
		2FC6B00B262A14BC00C29C95 /* Travelogue.app */ = {isa = PBXFileReference; explicitFileType = wrapper.application; includeInIndex = 0; path = Travelogue.app; sourceTree = BUILT_PRODUCTS_DIR; };
		2FC6B00E262A14BD00C29C95 /* AppDelegate.swift */ = {isa = PBXFileReference; lastKnownFileType = sourcecode.swift; path = AppDelegate.swift; sourceTree = "<group>"; };
		2FC6B010262A14BD00C29C95 /* SceneDelegate.swift */ = {isa = PBXFileReference; lastKnownFileType = sourcecode.swift; path = SceneDelegate.swift; sourceTree = "<group>"; };
		2FC6B012262A14BD00C29C95 /* TripsViewController.swift */ = {isa = PBXFileReference; lastKnownFileType = sourcecode.swift; path = TripsViewController.swift; sourceTree = "<group>"; };
		2FC6B015262A14BD00C29C95 /* Base */ = {isa = PBXFileReference; lastKnownFileType = file.storyboard; name = Base; path = Base.lproj/Main.storyboard; sourceTree = "<group>"; };
		2FC6B018262A14BD00C29C95 /* Travelogue.xcdatamodel */ = {isa = PBXFileReference; lastKnownFileType = wrapper.xcdatamodel; path = Travelogue.xcdatamodel; sourceTree = "<group>"; };
		2FC6B01A262A14BE00C29C95 /* Assets.xcassets */ = {isa = PBXFileReference; lastKnownFileType = folder.assetcatalog; path = Assets.xcassets; sourceTree = "<group>"; };
		2FC6B01D262A14BE00C29C95 /* Base */ = {isa = PBXFileReference; lastKnownFileType = file.storyboard; name = Base; path = Base.lproj/LaunchScreen.storyboard; sourceTree = "<group>"; };
		2FC6B01F262A14BE00C29C95 /* Info.plist */ = {isa = PBXFileReference; lastKnownFileType = text.plist.xml; path = Info.plist; sourceTree = "<group>"; };
		2FCC117D2638A544004D16D8 /* TripTableViewCell.swift */ = {isa = PBXFileReference; lastKnownFileType = sourcecode.swift; path = TripTableViewCell.swift; sourceTree = "<group>"; };
		2FCC11952638AE32004D16D8 /* Log+CoreDataClass.swift */ = {isa = PBXFileReference; lastKnownFileType = sourcecode.swift; path = "Log+CoreDataClass.swift"; sourceTree = "<group>"; };
		2FCC11962638AE32004D16D8 /* Log+CoreDataProperties.swift */ = {isa = PBXFileReference; lastKnownFileType = sourcecode.swift; path = "Log+CoreDataProperties.swift"; sourceTree = "<group>"; };
		2FCC11972638AE32004D16D8 /* Trip+CoreDataClass.swift */ = {isa = PBXFileReference; lastKnownFileType = sourcecode.swift; path = "Trip+CoreDataClass.swift"; sourceTree = "<group>"; };
		2FCC11982638AE32004D16D8 /* Trip+CoreDataProperties.swift */ = {isa = PBXFileReference; lastKnownFileType = sourcecode.swift; path = "Trip+CoreDataProperties.swift"; sourceTree = "<group>"; };
		2FCC11A12638AF6A004D16D8 /* TripAddEditViewController.swift */ = {isa = PBXFileReference; lastKnownFileType = sourcecode.swift; path = TripAddEditViewController.swift; sourceTree = "<group>"; };
		2FCC11A42638B2C3004D16D8 /* LogsViewController.swift */ = {isa = PBXFileReference; lastKnownFileType = sourcecode.swift; path = LogsViewController.swift; sourceTree = "<group>"; };
/* End PBXFileReference section */

/* Begin PBXFrameworksBuildPhase section */
		2FC6B008262A14BC00C29C95 /* Frameworks */ = {
			isa = PBXFrameworksBuildPhase;
			buildActionMask = 2147483647;
			files = (
			);
			runOnlyForDeploymentPostprocessing = 0;
		};
/* End PBXFrameworksBuildPhase section */

/* Begin PBXGroup section */
		2FC6B002262A14BC00C29C95 = {
			isa = PBXGroup;
			children = (
				2FC6B00D262A14BC00C29C95 /* Travelogue */,
				2FC6B00C262A14BC00C29C95 /* Products */,
			);
			sourceTree = "<group>";
		};
		2FC6B00C262A14BC00C29C95 /* Products */ = {
			isa = PBXGroup;
			children = (
				2FC6B00B262A14BC00C29C95 /* Travelogue.app */,
			);
			name = Products;
			sourceTree = "<group>";
		};
		2FC6B00D262A14BC00C29C95 /* Travelogue */ = {
			isa = PBXGroup;
			children = (
				2FC6B01F262A14BE00C29C95 /* Info.plist */,
				2FCC11802638A54B004D16D8 /* Model */,
				2FCC11812638A552004D16D8 /* View */,
				2FCC11822638A559004D16D8 /* Controller */,
			);
			path = Travelogue;
			sourceTree = "<group>";
		};
		2FCC11802638A54B004D16D8 /* Model */ = {
			isa = PBXGroup;
			children = (
				2FC6B017262A14BD00C29C95 /* Travelogue.xcdatamodeld */,
				2FCC11952638AE32004D16D8 /* Log+CoreDataClass.swift */,
				2FCC11962638AE32004D16D8 /* Log+CoreDataProperties.swift */,
				2FCC11972638AE32004D16D8 /* Trip+CoreDataClass.swift */,
				2FCC11982638AE32004D16D8 /* Trip+CoreDataProperties.swift */,
			);
			path = Model;
			sourceTree = "<group>";
		};
		2FCC11812638A552004D16D8 /* View */ = {
			isa = PBXGroup;
			children = (
				2FC6B01A262A14BE00C29C95 /* Assets.xcassets */,
				2FC6B01C262A14BE00C29C95 /* LaunchScreen.storyboard */,
				2FC6B014262A14BD00C29C95 /* Main.storyboard */,
			);
			path = View;
			sourceTree = "<group>";
		};
		2FCC11822638A559004D16D8 /* Controller */ = {
			isa = PBXGroup;
			children = (
				2FC6B00E262A14BD00C29C95 /* AppDelegate.swift */,
				2FC6B010262A14BD00C29C95 /* SceneDelegate.swift */,
				2FC6B012262A14BD00C29C95 /* TripsViewController.swift */,
				2FCC11A12638AF6A004D16D8 /* TripAddEditViewController.swift */,
				2FCC11A42638B2C3004D16D8 /* LogsViewController.swift */,
				2FCC11832638A5A8004D16D8 /* Custom_TableView_Cells */,
			);
			path = Controller;
			sourceTree = "<group>";
		};
		2FCC11832638A5A8004D16D8 /* Custom_TableView_Cells */ = {
			isa = PBXGroup;
			children = (
				2FCC117D2638A544004D16D8 /* TripTableViewCell.swift */,
			);
			path = Custom_TableView_Cells;
			sourceTree = "<group>";
		};
/* End PBXGroup section */

/* Begin PBXNativeTarget section */
		2FC6B00A262A14BC00C29C95 /* Travelogue */ = {
			isa = PBXNativeTarget;
			buildConfigurationList = 2FC6B022262A14BE00C29C95 /* Build configuration list for PBXNativeTarget "Travelogue" */;
			buildPhases = (
				2FC6B007262A14BC00C29C95 /* Sources */,
				2FC6B008262A14BC00C29C95 /* Frameworks */,
				2FC6B009262A14BC00C29C95 /* Resources */,
			);
			buildRules = (
			);
			dependencies = (
			);
			name = Travelogue;
			productName = Travelogue;
			productReference = 2FC6B00B262A14BC00C29C95 /* Travelogue.app */;
			productType = "com.apple.product-type.application";
		};
/* End PBXNativeTarget section */

/* Begin PBXProject section */
		2FC6B003262A14BC00C29C95 /* Project object */ = {
			isa = PBXProject;
			attributes = {
				LastSwiftUpdateCheck = 1240;
				LastUpgradeCheck = 1240;
				TargetAttributes = {
					2FC6B00A262A14BC00C29C95 = {
						CreatedOnToolsVersion = 12.4;
					};
				};
			};
			buildConfigurationList = 2FC6B006262A14BC00C29C95 /* Build configuration list for PBXProject "Travelogue" */;
			compatibilityVersion = "Xcode 9.3";
			developmentRegion = en;
			hasScannedForEncodings = 0;
			knownRegions = (
				en,
				Base,
			);
			mainGroup = 2FC6B002262A14BC00C29C95;
			productRefGroup = 2FC6B00C262A14BC00C29C95 /* Products */;
			projectDirPath = "";
			projectRoot = "";
			targets = (
				2FC6B00A262A14BC00C29C95 /* Travelogue */,
			);
		};
/* End PBXProject section */

/* Begin PBXResourcesBuildPhase section */
		2FC6B009262A14BC00C29C95 /* Resources */ = {
			isa = PBXResourcesBuildPhase;
			buildActionMask = 2147483647;
			files = (
				2FC6B01E262A14BE00C29C95 /* LaunchScreen.storyboard in Resources */,
				2FC6B01B262A14BE00C29C95 /* Assets.xcassets in Resources */,
				2FC6B016262A14BD00C29C95 /* Main.storyboard in Resources */,
			);
			runOnlyForDeploymentPostprocessing = 0;
		};
/* End PBXResourcesBuildPhase section */

/* Begin PBXSourcesBuildPhase section */
		2FC6B007262A14BC00C29C95 /* Sources */ = {
			isa = PBXSourcesBuildPhase;
			buildActionMask = 2147483647;
			files = (
				2FCC119C2638AE32004D16D8 /* Trip+CoreDataProperties.swift in Sources */,
				2FC6B013262A14BD00C29C95 /* TripsViewController.swift in Sources */,
				2FC6B019262A14BD00C29C95 /* Travelogue.xcdatamodeld in Sources */,
				2FC6B00F262A14BD00C29C95 /* AppDelegate.swift in Sources */,
				2FC6B011262A14BD00C29C95 /* SceneDelegate.swift in Sources */,
				2FCC11A22638AF6A004D16D8 /* TripAddEditViewController.swift in Sources */,
				2FCC11A52638B2C3004D16D8 /* LogsViewController.swift in Sources */,
				2FCC11992638AE32004D16D8 /* Log+CoreDataClass.swift in Sources */,
				2FCC119A2638AE32004D16D8 /* Log+CoreDataProperties.swift in Sources */,
				2FCC119B2638AE32004D16D8 /* Trip+CoreDataClass.swift in Sources */,
				2FCC117E2638A544004D16D8 /* TripTableViewCell.swift in Sources */,
			);
			runOnlyForDeploymentPostprocessing = 0;
		};
/* End PBXSourcesBuildPhase section */

/* Begin PBXVariantGroup section */
		2FC6B014262A14BD00C29C95 /* Main.storyboard */ = {
			isa = PBXVariantGroup;
			children = (
				2FC6B015262A14BD00C29C95 /* Base */,
			);
			name = Main.storyboard;
			sourceTree = "<group>";
		};
		2FC6B01C262A14BE00C29C95 /* LaunchScreen.storyboard */ = {
			isa = PBXVariantGroup;
			children = (
				2FC6B01D262A14BE00C29C95 /* Base */,
			);
			name = LaunchScreen.storyboard;
			sourceTree = "<group>";
		};
/* End PBXVariantGroup section */

/* Begin XCBuildConfiguration section */
		2FC6B020262A14BE00C29C95 /* Debug */ = {
			isa = XCBuildConfiguration;
			buildSettings = {
				ALWAYS_SEARCH_USER_PATHS = NO;
				CLANG_ANALYZER_NONNULL = YES;
				CLANG_ANALYZER_NUMBER_OBJECT_CONVERSION = YES_AGGRESSIVE;
				CLANG_CXX_LANGUAGE_STANDARD = "gnu++14";
				CLANG_CXX_LIBRARY = "libc++";
				CLANG_ENABLE_MODULES = YES;
				CLANG_ENABLE_OBJC_ARC = YES;
				CLANG_ENABLE_OBJC_WEAK = YES;
				CLANG_WARN_BLOCK_CAPTURE_AUTORELEASING = YES;
				CLANG_WARN_BOOL_CONVERSION = YES;
				CLANG_WARN_COMMA = YES;
				CLANG_WARN_CONSTANT_CONVERSION = YES;
				CLANG_WARN_DEPRECATED_OBJC_IMPLEMENTATIONS = YES;
				CLANG_WARN_DIRECT_OBJC_ISA_USAGE = YES_ERROR;
				CLANG_WARN_DOCUMENTATION_COMMENTS = YES;
				CLANG_WARN_EMPTY_BODY = YES;
				CLANG_WARN_ENUM_CONVERSION = YES;
				CLANG_WARN_INFINITE_RECURSION = YES;
				CLANG_WARN_INT_CONVERSION = YES;
				CLANG_WARN_NON_LITERAL_NULL_CONVERSION = YES;
				CLANG_WARN_OBJC_IMPLICIT_RETAIN_SELF = YES;
				CLANG_WARN_OBJC_LITERAL_CONVERSION = YES;
				CLANG_WARN_OBJC_ROOT_CLASS = YES_ERROR;
				CLANG_WARN_QUOTED_INCLUDE_IN_FRAMEWORK_HEADER = YES;
				CLANG_WARN_RANGE_LOOP_ANALYSIS = YES;
				CLANG_WARN_STRICT_PROTOTYPES = YES;
				CLANG_WARN_SUSPICIOUS_MOVE = YES;
				CLANG_WARN_UNGUARDED_AVAILABILITY = YES_AGGRESSIVE;
				CLANG_WARN_UNREACHABLE_CODE = YES;
				CLANG_WARN__DUPLICATE_METHOD_MATCH = YES;
				COPY_PHASE_STRIP = NO;
				DEBUG_INFORMATION_FORMAT = dwarf;
				ENABLE_STRICT_OBJC_MSGSEND = YES;
				ENABLE_TESTABILITY = YES;
				GCC_C_LANGUAGE_STANDARD = gnu11;
				GCC_DYNAMIC_NO_PIC = NO;
				GCC_NO_COMMON_BLOCKS = YES;
				GCC_OPTIMIZATION_LEVEL = 0;
				GCC_PREPROCESSOR_DEFINITIONS = (
					"DEBUG=1",
					"$(inherited)",
				);
				GCC_WARN_64_TO_32_BIT_CONVERSION = YES;
				GCC_WARN_ABOUT_RETURN_TYPE = YES_ERROR;
				GCC_WARN_UNDECLARED_SELECTOR = YES;
				GCC_WARN_UNINITIALIZED_AUTOS = YES_AGGRESSIVE;
				GCC_WARN_UNUSED_FUNCTION = YES;
				GCC_WARN_UNUSED_VARIABLE = YES;
				IPHONEOS_DEPLOYMENT_TARGET = 14.4;
				MTL_ENABLE_DEBUG_INFO = INCLUDE_SOURCE;
				MTL_FAST_MATH = YES;
				ONLY_ACTIVE_ARCH = YES;
				SDKROOT = iphoneos;
				SWIFT_ACTIVE_COMPILATION_CONDITIONS = DEBUG;
				SWIFT_OPTIMIZATION_LEVEL = "-Onone";
			};
			name = Debug;
		};
		2FC6B021262A14BE00C29C95 /* Release */ = {
			isa = XCBuildConfiguration;
			buildSettings = {
				ALWAYS_SEARCH_USER_PATHS = NO;
				CLANG_ANALYZER_NONNULL = YES;
				CLANG_ANALYZER_NUMBER_OBJECT_CONVERSION = YES_AGGRESSIVE;
				CLANG_CXX_LANGUAGE_STANDARD = "gnu++14";
				CLANG_CXX_LIBRARY = "libc++";
				CLANG_ENABLE_MODULES = YES;
				CLANG_ENABLE_OBJC_ARC = YES;
				CLANG_ENABLE_OBJC_WEAK = YES;
				CLANG_WARN_BLOCK_CAPTURE_AUTORELEASING = YES;
				CLANG_WARN_BOOL_CONVERSION = YES;
				CLANG_WARN_COMMA = YES;
				CLANG_WARN_CONSTANT_CONVERSION = YES;
				CLANG_WARN_DEPRECATED_OBJC_IMPLEMENTATIONS = YES;
				CLANG_WARN_DIRECT_OBJC_ISA_USAGE = YES_ERROR;
				CLANG_WARN_DOCUMENTATION_COMMENTS = YES;
				CLANG_WARN_EMPTY_BODY = YES;
				CLANG_WARN_ENUM_CONVERSION = YES;
				CLANG_WARN_INFINITE_RECURSION = YES;
				CLANG_WARN_INT_CONVERSION = YES;
				CLANG_WARN_NON_LITERAL_NULL_CONVERSION = YES;
				CLANG_WARN_OBJC_IMPLICIT_RETAIN_SELF = YES;
				CLANG_WARN_OBJC_LITERAL_CONVERSION = YES;
				CLANG_WARN_OBJC_ROOT_CLASS = YES_ERROR;
				CLANG_WARN_QUOTED_INCLUDE_IN_FRAMEWORK_HEADER = YES;
				CLANG_WARN_RANGE_LOOP_ANALYSIS = YES;
				CLANG_WARN_STRICT_PROTOTYPES = YES;
				CLANG_WARN_SUSPICIOUS_MOVE = YES;
				CLANG_WARN_UNGUARDED_AVAILABILITY = YES_AGGRESSIVE;
				CLANG_WARN_UNREACHABLE_CODE = YES;
				CLANG_WARN__DUPLICATE_METHOD_MATCH = YES;
				COPY_PHASE_STRIP = NO;
				DEBUG_INFORMATION_FORMAT = "dwarf-with-dsym";
				ENABLE_NS_ASSERTIONS = NO;
				ENABLE_STRICT_OBJC_MSGSEND = YES;
				GCC_C_LANGUAGE_STANDARD = gnu11;
				GCC_NO_COMMON_BLOCKS = YES;
				GCC_WARN_64_TO_32_BIT_CONVERSION = YES;
				GCC_WARN_ABOUT_RETURN_TYPE = YES_ERROR;
				GCC_WARN_UNDECLARED_SELECTOR = YES;
				GCC_WARN_UNINITIALIZED_AUTOS = YES_AGGRESSIVE;
				GCC_WARN_UNUSED_FUNCTION = YES;
				GCC_WARN_UNUSED_VARIABLE = YES;
				IPHONEOS_DEPLOYMENT_TARGET = 14.4;
				MTL_ENABLE_DEBUG_INFO = NO;
				MTL_FAST_MATH = YES;
				SDKROOT = iphoneos;
				SWIFT_COMPILATION_MODE = wholemodule;
				SWIFT_OPTIMIZATION_LEVEL = "-O";
				VALIDATE_PRODUCT = YES;
			};
			name = Release;
		};
		2FC6B023262A14BE00C29C95 /* Debug */ = {
			isa = XCBuildConfiguration;
			buildSettings = {
				ASSETCATALOG_COMPILER_APPICON_NAME = AppIcon;
				ASSETCATALOG_COMPILER_GLOBAL_ACCENT_COLOR_NAME = AccentColor;
				CODE_SIGN_STYLE = Automatic;
				DEVELOPMENT_TEAM = 42LTA54FWW;
				INFOPLIST_FILE = Travelogue/Info.plist;
				LD_RUNPATH_SEARCH_PATHS = (
					"$(inherited)",
					"@executable_path/Frameworks",
				);
				PRODUCT_BUNDLE_IDENTIFIER = edu.missouri.gillisa.Travelogue;
				PRODUCT_NAME = "$(TARGET_NAME)";
				SWIFT_VERSION = 5.0;
				TARGETED_DEVICE_FAMILY = "1,2";
			};
			name = Debug;
		};
		2FC6B024262A14BE00C29C95 /* Release */ = {
			isa = XCBuildConfiguration;
			buildSettings = {
				ASSETCATALOG_COMPILER_APPICON_NAME = AppIcon;
				ASSETCATALOG_COMPILER_GLOBAL_ACCENT_COLOR_NAME = AccentColor;
				CODE_SIGN_STYLE = Automatic;
				DEVELOPMENT_TEAM = 42LTA54FWW;
				INFOPLIST_FILE = Travelogue/Info.plist;
				LD_RUNPATH_SEARCH_PATHS = (
					"$(inherited)",
					"@executable_path/Frameworks",
				);
				PRODUCT_BUNDLE_IDENTIFIER = edu.missouri.gillisa.Travelogue;
				PRODUCT_NAME = "$(TARGET_NAME)";
				SWIFT_VERSION = 5.0;
				TARGETED_DEVICE_FAMILY = "1,2";
			};
			name = Release;
		};
/* End XCBuildConfiguration section */

/* Begin XCConfigurationList section */
		2FC6B006262A14BC00C29C95 /* Build configuration list for PBXProject "Travelogue" */ = {
			isa = XCConfigurationList;
			buildConfigurations = (
				2FC6B020262A14BE00C29C95 /* Debug */,
				2FC6B021262A14BE00C29C95 /* Release */,
			);
			defaultConfigurationIsVisible = 0;
			defaultConfigurationName = Release;
		};
		2FC6B022262A14BE00C29C95 /* Build configuration list for PBXNativeTarget "Travelogue" */ = {
			isa = XCConfigurationList;
			buildConfigurations = (
				2FC6B023262A14BE00C29C95 /* Debug */,
				2FC6B024262A14BE00C29C95 /* Release */,
			);
			defaultConfigurationIsVisible = 0;
			defaultConfigurationName = Release;
		};
/* End XCConfigurationList section */

/* Begin XCVersionGroup section */
		2FC6B017262A14BD00C29C95 /* Travelogue.xcdatamodeld */ = {
			isa = XCVersionGroup;
			children = (
				2FC6B018262A14BD00C29C95 /* Travelogue.xcdatamodel */,
			);
			currentVersion = 2FC6B018262A14BD00C29C95 /* Travelogue.xcdatamodel */;
			path = Travelogue.xcdatamodeld;
			sourceTree = "<group>";
			versionGroupType = wrapper.xcdatamodel;
		};
/* End XCVersionGroup section */
	};
	rootObject = 2FC6B003262A14BC00C29C95 /* Project object */;
}
